
Microsoft Visual Studio Solution File, Format Version 11.00
# Visual Studio 2010
Project("{8BC9CEB8-8B4A-11D0-8D11-00A0C91BC942}") = "LocationEstimator", "LocationEstimator.vcxproj", "{FD51D28B-8B2F-4FA9-B3E2-56C5294961D6}"
EndProject
Project("{8BC9CEB8-8B4A-11D0-8D11-00A0C91BC942}") = "Configuration", "Configuration.vcxproj", "{68CE57C2-1FBE-4EAD-BC44-653E2BEA0F46}"
EndProject
Global
	GlobalSection(SolutionConfigurationPlatforms) = preSolution
		Debug|Win32 = Debug|Win32
		Debug|x64 = Debug|x64
		Release 64|Win32 = Release 64|Win32
		Release 64|x64 = Release 64|x64
		Release|Win32 = Release|Win32
		Release|x64 = Release|x64
		Template|Win32 = Template|Win32
		Template|x64 = Template|x64
	EndGlobalSection
	GlobalSection(ProjectConfigurationPlatforms) = postSolution
		{FD51D28B-8B2F-4FA9-B3E2-56C5294961D6}.Debug|Win32.ActiveCfg = Debug|Win32
		{FD51D28B-8B2F-4FA9-B3E2-56C5294961D6}.Debug|Win32.Build.0 = Debug|Win32
		{FD51D28B-8B2F-4FA9-B3E2-56C5294961D6}.Debug|x64.ActiveCfg = Debug|Win32
		{FD51D28B-8B2F-4FA9-B3E2-56C5294961D6}.Release 64|Win32.ActiveCfg = Release|Win32
		{FD51D28B-8B2F-4FA9-B3E2-56C5294961D6}.Release 64|Win32.Build.0 = Release|Win32
		{FD51D28B-8B2F-4FA9-B3E2-56C5294961D6}.Release 64|x64.ActiveCfg = Release|Win32
		{FD51D28B-8B2F-4FA9-B3E2-56C5294961D6}.Release|Win32.ActiveCfg = Release|Win32
		{FD51D28B-8B2F-4FA9-B3E2-56C5294961D6}.Release|Win32.Build.0 = Release|Win32
		{FD51D28B-8B2F-4FA9-B3E2-56C5294961D6}.Release|x64.ActiveCfg = Release|Win32
		{FD51D28B-8B2F-4FA9-B3E2-56C5294961D6}.Template|Win32.ActiveCfg = Release|Win32
		{FD51D28B-8B2F-4FA9-B3E2-56C5294961D6}.Template|Win32.Build.0 = Release|Win32
		{FD51D28B-8B2F-4FA9-B3E2-56C5294961D6}.Template|x64.ActiveCfg = Release|Win32
		{68CE57C2-1FBE-4EAD-BC44-653E2BEA0F46}.Debug|Win32.ActiveCfg = Debug|Win32
		{68CE57C2-1FBE-4EAD-BC44-653E2BEA0F46}.Debug|Win32.Build.0 = Debug|Win32
		{68CE57C2-1FBE-4EAD-BC44-653E2BEA0F46}.Debug|x64.ActiveCfg = Debug|x64
		{68CE57C2-1FBE-4EAD-BC44-653E2BEA0F46}.Debug|x64.Build.0 = Debug|x64
		{68CE57C2-1FBE-4EAD-BC44-653E2BEA0F46}.Release 64|Win32.ActiveCfg = Release 64|Win32
		{68CE57C2-1FBE-4EAD-BC44-653E2BEA0F46}.Release 64|Win32.Build.0 = Release 64|Win32
		{68CE57C2-1FBE-4EAD-BC44-653E2BEA0F46}.Release 64|x64.ActiveCfg = Release 64|x64
		{68CE57C2-1FBE-4EAD-BC44-653E2BEA0F46}.Release 64|x64.Build.0 = Release 64|x64
		{68CE57C2-1FBE-4EAD-BC44-653E2BEA0F46}.Release|Win32.ActiveCfg = Release|Win32
		{68CE57C2-1FBE-4EAD-BC44-653E2BEA0F46}.Release|Win32.Build.0 = Release|Win32
		{68CE57C2-1FBE-4EAD-BC44-653E2BEA0F46}.Release|x64.ActiveCfg = Release|x64
		{68CE57C2-1FBE-4EAD-BC44-653E2BEA0F46}.Release|x64.Build.0 = Release|x64
		{68CE57C2-1FBE-4EAD-BC44-653E2BEA0F46}.Template|Win32.ActiveCfg = Template|Win32
		{68CE57C2-1FBE-4EAD-BC44-653E2BEA0F46}.Template|Win32.Build.0 = Template|Win32
		{68CE57C2-1FBE-4EAD-BC44-653E2BEA0F46}.Template|x64.ActiveCfg = Template|x64
		{68CE57C2-1FBE-4EAD-BC44-653E2BEA0F46}.Template|x64.Build.0 = Template|x64
	EndGlobalSection
	GlobalSection(SolutionProperties) = preSolution
		HideSolutionNode = FALSE
	EndGlobalSection
EndGlobal
