<?xml version="1.0" encoding="utf-8"?>
<Project ToolsVersion="4.0" xmlns="http://schemas.microsoft.com/developer/msbuild/2003">
  <ItemGroup>
    <Filter Include="소스 파일">
      <UniqueIdentifier>{4FC737F1-C7A5-4376-A066-2A32D752A2FF}</UniqueIdentifier>
      <Extensions>cpp;c;cc;cxx;def;odl;idl;hpj;bat;asm;asmx</Extensions>
    </Filter>
    <Filter Include="헤더 파일">
      <UniqueIdentifier>{93995380-89BD-4b04-88EB-625FBE52EBFB}</UniqueIdentifier>
      <Extensions>h;hpp;hxx;hm;inl;inc;xsd</Extensions>
    </Filter>
    <Filter Include="리소스 파일">
      <UniqueIdentifier>{67DA6AB6-F800-4c08-8B7A-83BB121AAD01}</UniqueIdentifier>
      <Extensions>rc;ico;cur;bmp;dlg;rc2;rct;bin;rgs;gif;jpg;jpeg;jpe;resx;tiff;tif;png;wav;mfcribbon-ms</Extensions>
    </Filter>
    <Filter Include="소스 파일\base">
      <UniqueIdentifier>{ca98eaab-bab6-4deb-9c58-6e21c0c9d123}</UniqueIdentifier>
    </Filter>
    <Filter Include="소스 파일\estimator">
      <UniqueIdentifier>{3a0abb76-c14d-4e0a-a045-d47c9ca5d4e4}</UniqueIdentifier>
    </Filter>
    <Filter Include="소스 파일\kalmanfilter">
      <UniqueIdentifier>{4bb58f1c-e173-44c8-958b-60ab3204cc18}</UniqueIdentifier>
    </Filter>
    <Filter Include="소스 파일\test">
      <UniqueIdentifier>{e1ced5f1-3c5c-42ff-843a-e71bced18ea5}</UniqueIdentifier>
    </Filter>
  </ItemGroup>
  <ItemGroup>
    <ClCompile Include="..\base\Beacon.cpp">
      <Filter>소스 파일\base</Filter>
    </ClCompile>
    <ClCompile Include="..\base\Plane.cpp">
      <Filter>소스 파일\base</Filter>
    </ClCompile>
    <ClCompile Include="..\base\Vector.cpp">
      <Filter>소스 파일\base</Filter>
    </ClCompile>
    <ClCompile Include="..\kalmanfilter\FilterManager.cpp">
      <Filter>소스 파일\kalmanfilter</Filter>
    </ClCompile>
    <ClCompile Include="..\kalmanfilter\KalmanFilter.cpp">
      <Filter>소스 파일\kalmanfilter</Filter>
    </ClCompile>
    <ClCompile Include="..\kalmanfilter\KFTracker.cpp">
      <Filter>소스 파일\kalmanfilter</Filter>
    </ClCompile>
    <ClCompile Include="..\estimator\BeaconList.cpp">
      <Filter>소스 파일\estimator</Filter>
    </ClCompile>
    <ClCompile Include="..\estimator\Estimator.cpp">
      <Filter>소스 파일\estimator</Filter>
    </ClCompile>
    <ClCompile Include="..\estimator\Measurement.cpp">
      <Filter>소스 파일\estimator</Filter>
    </ClCompile>
    <ClCompile Include="..\estimator\PlaneList.cpp">
      <Filter>소스 파일\estimator</Filter>
    </ClCompile>
    <ClCompile Include="..\estimator\Solver.cpp">
      <Filter>소스 파일\estimator</Filter>
    </ClCompile>
    <ClCompile Include="..\test\BeaconInfo.cpp">
      <Filter>소스 파일\test</Filter>
    </ClCompile>
    <ClCompile Include="..\test\EstimatorTest.cpp">
      <Filter>소스 파일\test</Filter>
    </ClCompile>
  </ItemGroup>
  <ItemGroup>
    <ClInclude Include="..\base\Beacon.h">
      <Filter>소스 파일\base</Filter>
    </ClInclude>
    <ClInclude Include="..\base\Plane.h">
      <Filter>소스 파일\base</Filter>
    </ClInclude>
    <ClInclude Include="..\base\Vector.h">
      <Filter>소스 파일\base</Filter>
    </ClInclude>
    <ClInclude Include="..\kalmanfilter\FilterManager.h">
      <Filter>소스 파일\kalmanfilter</Filter>
    </ClInclude>
    <ClInclude Include="..\kalmanfilter\KalmanFilter.h">
      <Filter>소스 파일\kalmanfilter</Filter>
    </ClInclude>
    <ClInclude Include="..\kalmanfilter\KFTracker.h">
      <Filter>소스 파일\kalmanfilter</Filter>
    </ClInclude>
    <ClInclude Include="..\estimator\BeaconList.h">
      <Filter>소스 파일\estimator</Filter>
    </ClInclude>
    <ClInclude Include="..\estimator\Estimator.h">
      <Filter>소스 파일\estimator</Filter>
    </ClInclude>
    <ClInclude Include="..\estimator\Measurement.h">
      <Filter>소스 파일\estimator</Filter>
    </ClInclude>
    <ClInclude Include="..\estimator\PlaneList.h">
      <Filter>소스 파일\estimator</Filter>
    </ClInclude>
    <ClInclude Include="..\estimator\Solver.h">
      <Filter>소스 파일\estimator</Filter>
    </ClInclude>
    <ClInclude Include="..\test\BeaconInfo.h">
      <Filter>소스 파일\test</Filter>
    </ClInclude>
  </ItemGroup>
</Project>